
Microsoft Visual Studio Solution File, Format Version 12.00
# Visual Studio Version 17
VisualStudioVersion = 17.6.33927.249
MinimumVisualStudioVersion = 10.0.40219.1
Project("{FAE04EC0-301F-11D3-BF4B-00C04F79EFBC}") = "WinFormsApp1", "WinFormsApp1\WinFormsApp1.csproj", "{3A744D8E-E068-498D-9826-C35BF85E3760}"
EndProject
Global
	GlobalSection(SolutionConfigurationPlatforms) = preSolution
		Debug|Any CPU = Debug|Any CPU
		Release|Any CPU = Release|Any CPU
	EndGlobalSection
	GlobalSection(ProjectConfigurationPlatforms) = postSolution
		{3A744D8E-E068-498D-9826-C35BF85E3760}.Debug|Any CPU.ActiveCfg = Debug|Any CPU
		{3A744D8E-E068-498D-9826-C35BF85E3760}.Debug|Any CPU.Build.0 = Debug|Any CPU
		{3A744D8E-E068-498D-9826-C35BF85E3760}.Release|Any CPU.ActiveCfg = Release|Any CPU
		{3A744D8E-E068-498D-9826-C35BF85E3760}.Release|Any CPU.Build.0 = Release|Any CPU
	EndGlobalSection
	GlobalSection(SolutionProperties) = preSolution
		HideSolutionNode = FALSE
	EndGlobalSection
	GlobalSection(ExtensibilityGlobals) = postSolution
		SolutionGuid = {87C685EA-3D74-4F4A-838D-AB8A1A6747B7}
	EndGlobalSection
EndGlobal
